
Microsoft Visual Studio Solution File, Format Version 12.00
# Visual Studio Version 17
VisualStudioVersion = 17.14.37027.9 d17.14
MinimumVisualStudioVersion = 10.0.40219.1
Project("{FAE04EC0-301F-11D3-BF4B-00C04F79EFBC}") = "ProductionIncidentSimulator.Core", "..\ProductionIncidentSimulator.Core\ProductionIncidentSimulator.Core.csproj", "{073A4379-DA6E-4D76-98E2-ED18372E6FBC}"
EndProject
Project("{FAE04EC0-301F-11D3-BF4B-00C04F79EFBC}") = "ProductionIncidentSimulator.API", "..\ProductionIncidentSimulator.API\ProductionIncidentSimulator.API.csproj", "{D5BCD5C8-CBDF-4FA2-B97A-3A875EB4F99A}"
EndProject
Project("{FAE04EC0-301F-11D3-BF4B-00C04F79EFBC}") = "ProductionIncidentSimulator.Worker", "..\ProductionIncidentSimulator.Worker\ProductionIncidentSimulator.Worker.csproj", "{8C64A421-6754-4232-B2E9-845543DB0FAF}"
EndProject
Global
	GlobalSection(SolutionConfigurationPlatforms) = preSolution
		Debug|Any CPU = Debug|Any CPU
		Release|Any CPU = Release|Any CPU
	EndGlobalSection
	GlobalSection(ProjectConfigurationPlatforms) = postSolution
		{073A4379-DA6E-4D76-98E2-ED18372E6FBC}.Debug|Any CPU.ActiveCfg = Debug|Any CPU
		{073A4379-DA6E-4D76-98E2-ED18372E6FBC}.Debug|Any CPU.Build.0 = Debug|Any CPU
		{073A4379-DA6E-4D76-98E2-ED18372E6FBC}.Release|Any CPU.ActiveCfg = Release|Any CPU
		{073A4379-DA6E-4D76-98E2-ED18372E6FBC}.Release|Any CPU.Build.0 = Release|Any CPU
		{D5BCD5C8-CBDF-4FA2-B97A-3A875EB4F99A}.Debug|Any CPU.ActiveCfg = Debug|Any CPU
		{D5BCD5C8-CBDF-4FA2-B97A-3A875EB4F99A}.Debug|Any CPU.Build.0 = Debug|Any CPU
		{D5BCD5C8-CBDF-4FA2-B97A-3A875EB4F99A}.Release|Any CPU.ActiveCfg = Release|Any CPU
		{D5BCD5C8-CBDF-4FA2-B97A-3A875EB4F99A}.Release|Any CPU.Build.0 = Release|Any CPU
		{8C64A421-6754-4232-B2E9-845543DB0FAF}.Debug|Any CPU.ActiveCfg = Debug|Any CPU
		{8C64A421-6754-4232-B2E9-845543DB0FAF}.Debug|Any CPU.Build.0 = Debug|Any CPU
		{8C64A421-6754-4232-B2E9-845543DB0FAF}.Release|Any CPU.ActiveCfg = Release|Any CPU
		{8C64A421-6754-4232-B2E9-845543DB0FAF}.Release|Any CPU.Build.0 = Release|Any CPU
	EndGlobalSection
	GlobalSection(SolutionProperties) = preSolution
		HideSolutionNode = FALSE
	EndGlobalSection
	GlobalSection(ExtensibilityGlobals) = postSolution
		SolutionGuid = {72FBAB6C-554B-4DB3-AE6E-469D9809C701}
	EndGlobalSection
EndGlobal
